<?xml version="1.0" encoding="utf-8"?>
<Project ToolsVersion="4.0" xmlns="http://schemas.microsoft.com/developer/msbuild/2003">
  <ItemGroup>
    <Filter Include="ソース ファイル">
      <UniqueIdentifier>{4FC737F1-C7A5-4376-A066-2A32D752A2FF}</UniqueIdentifier>
      <Extensions>cpp;c;cc;cxx;c++;cppm;ixx;def;odl;idl;hpj;bat;asm;asmx</Extensions>
    </Filter>
    <Filter Include="ヘッダー ファイル">
      <UniqueIdentifier>{93995380-89BD-4b04-88EB-625FBE52EBFB}</UniqueIdentifier>
      <Extensions>h;hh;hpp;hxx;h++;hm;inl;inc;ipp;xsd</Extensions>
    </Filter>
    <Filter Include="リソース ファイル">
      <UniqueIdentifier>{67DA6AB6-F800-4c08-8B7A-83BB121AAD01}</UniqueIdentifier>
      <Extensions>rc;ico;cur;bmp;dlg;rc2;rct;bin;rgs;gif;jpg;jpeg;jpe;resx;tiff;tif;png;wav;mfcribbon-ms</Extensions>
    </Filter>
    <Filter Include="D3D11">
      <UniqueIdentifier>{caed23eb-7d5f-4638-9902-18c81912fffb}</UniqueIdentifier>
    </Filter>
    <Filter Include="D3D11\source">
      <UniqueIdentifier>{18540857-c012-41cf-af99-a842d4ed12f8}</UniqueIdentifier>
    </Filter>
    <Filter Include="D3D11\hedder">
      <UniqueIdentifier>{7290b778-5807-41d5-9f16-60249b37670e}</UniqueIdentifier>
    </Filter>
    <Filter Include="D3D12">
      <UniqueIdentifier>{31a8ce81-b7e2-4be2-a956-bdcedec2b476}</UniqueIdentifier>
    </Filter>
    <Filter Include="D3D12\source">
      <UniqueIdentifier>{654a9b4a-d7bf-477c-88f2-591513119c1e}</UniqueIdentifier>
    </Filter>
    <Filter Include="D3D12\hedder">
      <UniqueIdentifier>{a856d832-c00b-4df6-b6fa-5aedc664eb22}</UniqueIdentifier>
    </Filter>
  </ItemGroup>
  <ItemGroup>
    <ClInclude Include="framework.h">
      <Filter>ヘッダー ファイル</Filter>
    </ClInclude>
    <ClInclude Include="targetver.h">
      <Filter>ヘッダー ファイル</Filter>
    </ClInclude>
    <ClInclude Include="Resource.h">
      <Filter>ヘッダー ファイル</Filter>
    </ClInclude>
    <ClInclude Include="main.h">
      <Filter>ヘッダー ファイル</Filter>
    </ClInclude>
    <ClInclude Include="D3D11Camera.h">
      <Filter>D3D11\hedder</Filter>
    </ClInclude>
    <ClInclude Include="D3D11Graphics.h">
      <Filter>D3D11\hedder</Filter>
    </ClInclude>
    <ClInclude Include="D3D11System.h">
      <Filter>D3D11\hedder</Filter>
    </ClInclude>
    <ClInclude Include="ObjData.h">
      <Filter>D3D11\hedder</Filter>
    </ClInclude>
    <ClInclude Include="D3D12Graphics.h">
      <Filter>D3D12\hedder</Filter>
    </ClInclude>
    <ClInclude Include="D3D12System.h">
      <Filter>D3D12\hedder</Filter>
    </ClInclude>
    <ClInclude Include="D3D12ObjData.h">
      <Filter>D3D12\hedder</Filter>
    </ClInclude>
    <ClInclude Include="D3D12Camera.h">
      <Filter>D3D12\hedder</Filter>
    </ClInclude>
  </ItemGroup>
  <ItemGroup>
    <ClCompile Include="main.cpp">
      <Filter>ソース ファイル</Filter>
    </ClCompile>
    <ClCompile Include="D3D11Camera.cpp">
      <Filter>D3D11\source</Filter>
    </ClCompile>
    <ClCompile Include="D3D11Graphics.cpp">
      <Filter>D3D11\source</Filter>
    </ClCompile>
    <ClCompile Include="D3D11System.cpp">
      <Filter>D3D11\source</Filter>
    </ClCompile>
    <ClCompile Include="ObjData.cpp">
      <Filter>D3D11\source</Filter>
    </ClCompile>
    <ClCompile Include="D3D12Graphics.cpp">
      <Filter>D3D12\source</Filter>
    </ClCompile>
    <ClCompile Include="D3D12System.cpp">
      <Filter>D3D12\source</Filter>
    </ClCompile>
    <ClCompile Include="D3D12ObjData.cpp">
      <Filter>D3D12\source</Filter>
    </ClCompile>
    <ClCompile Include="D3D12Camera.cpp">
      <Filter>D3D12\source</Filter>
    </ClCompile>
  </ItemGroup>
  <ItemGroup>
    <ResourceCompile Include="AbstructionLayer.rc">
      <Filter>リソース ファイル</Filter>
    </ResourceCompile>
  </ItemGroup>
  <ItemGroup>
    <Image Include="small.ico">
      <Filter>リソース ファイル</Filter>
    </Image>
    <Image Include="AbstructionLayer.ico">
      <Filter>リソース ファイル</Filter>
    </Image>
  </ItemGroup>
  <ItemGroup>
    <FxCompile Include="D3D11Shader.hlsl" />
    <FxCompile Include="D3D12Shader.hlsl" />
  </ItemGroup>
</Project>